Microsoft Visual Studio Solution File, Format Version 12.00
# Visual Studio Version 17
VisualStudioVersion = 17.0.31717.71
MinimumVisualStudioVersion = 10.0.40219.1
Project("{9A19103F-16F7-4668-BE54-9A1E7A4F7556}") = "test2", "test2.csproj", "{1316EDC9-6CF9-4F1E-8F54-244BAE399939}"
EndProject
Project("{FAE04EC0-301F-11D3-BF4B-00C04F79EFBC}") = "DemoApp2", "..\DemoApp2\DemoApp2.csproj", "{07ED875D-BDE7-415C-AFA6-B681C8348F8F}"
EndProject
Global
	GlobalSection(SolutionConfigurationPlatforms) = preSolution
		Debug|Any CPU = Debug|Any CPU
		Release|Any CPU = Release|Any CPU
	EndGlobalSection
	GlobalSection(ProjectConfigurationPlatforms) = postSolution
		{1316EDC9-6CF9-4F1E-8F54-244BAE399939}.Debug|Any CPU.ActiveCfg = Debug|Any CPU
		{1316EDC9-6CF9-4F1E-8F54-244BAE399939}.Debug|Any CPU.Build.0 = Debug|Any CPU
		{1316EDC9-6CF9-4F1E-8F54-244BAE399939}.Release|Any CPU.ActiveCfg = Release|Any CPU
		{1316EDC9-6CF9-4F1E-8F54-244BAE399939}.Release|Any CPU.Build.0 = Release|Any CPU
		{07ED875D-BDE7-415C-AFA6-B681C8348F8F}.Debug|Any CPU.ActiveCfg = Debug|Any CPU
		{07ED875D-BDE7-415C-AFA6-B681C8348F8F}.Debug|Any CPU.Build.0 = Debug|Any CPU
		{07ED875D-BDE7-415C-AFA6-B681C8348F8F}.Release|Any CPU.ActiveCfg = Release|Any CPU
		{07ED875D-BDE7-415C-AFA6-B681C8348F8F}.Release|Any CPU.Build.0 = Release|Any CPU
	EndGlobalSection
	GlobalSection(SolutionProperties) = preSolution
		HideSolutionNode = FALSE
	EndGlobalSection
	GlobalSection(ExtensibilityGlobals) = postSolution
		SolutionGuid = {E7D681C7-2B46-447F-85B5-F81DA8391D48}
	EndGlobalSection
EndGlobal
