
Microsoft Visual Studio Solution File, Format Version 12.00
# Visual Studio Version 17
VisualStudioVersion = 17.0.31717.71
MinimumVisualStudioVersion = 10.0.40219.1
Project("{9A19103F-16F7-4668-BE54-9A1E7A4F7556}") = "DemoApp2", "DemoApp2.csproj", "{3D7AF1ED-29D2-4A40-B881-231C07E34C62}"
EndProject
Global
	GlobalSection(SolutionConfigurationPlatforms) = preSolution
		Debug|Any CPU = Debug|Any CPU
		Release|Any CPU = Release|Any CPU
	EndGlobalSection
	GlobalSection(ProjectConfigurationPlatforms) = postSolution
		{3D7AF1ED-29D2-4A40-B881-231C07E34C62}.Debug|Any CPU.ActiveCfg = Debug|Any CPU
		{3D7AF1ED-29D2-4A40-B881-231C07E34C62}.Debug|Any CPU.Build.0 = Debug|Any CPU
		{3D7AF1ED-29D2-4A40-B881-231C07E34C62}.Release|Any CPU.ActiveCfg = Release|Any CPU
		{3D7AF1ED-29D2-4A40-B881-231C07E34C62}.Release|Any CPU.Build.0 = Release|Any CPU
	EndGlobalSection
	GlobalSection(SolutionProperties) = preSolution
		HideSolutionNode = FALSE
	EndGlobalSection
	GlobalSection(ExtensibilityGlobals) = postSolution
		SolutionGuid = {6E1E30EA-FF4E-46A0-9EB6-2DC3E033ECA1}
	EndGlobalSection
EndGlobal